
Microsoft Visual Studio Solution File, Format Version 12.00
# Visual Studio 2013
VisualStudioVersion = 12.0.30110.0
MinimumVisualStudioVersion = 10.0.40219.1
Project("{FAE04EC0-301F-11D3-BF4B-00C04F79EFBC}") = "GetCHM.Spider", "GetCHM.Spider\GetCHM.Spider.csproj", "{837156D8-DF8F-4CFE-9E0F-BB830BF033C5}"
EndProject
Project("{FAE04EC0-301F-11D3-BF4B-00C04F79EFBC}") = "TestSome", "TestSome\TestSome.csproj", "{04AFAF3B-7125-401F-AA64-A743E37F12D0}"
EndProject
Project("{FAE04EC0-301F-11D3-BF4B-00C04F79EFBC}") = "GetCHM.Builder", "GetCHM.Builder\GetCHM.Builder.csproj", "{F773814E-D39F-4EA7-B14C-A447D1DB1232}"
EndProject
Project("{FAE04EC0-301F-11D3-BF4B-00C04F79EFBC}") = "WMZY.Util", "WMZY.Util\WMZY.Util.csproj", "{C019DC63-40E6-4C6C-8030-5AC05336A67E}"
EndProject
Project("{FAE04EC0-301F-11D3-BF4B-00C04F79EFBC}") = "GetCHM.CLI", "GetCHM.CLI\GetCHM.CLI.csproj", "{74E2FDD3-89DC-4EBC-BE61-C631CBF49E37}"
EndProject
Project("{2150E333-8FDC-42A3-9474-1A3956D46DE8}") = "UnitTest", "UnitTest", "{EE2ED749-D76E-4938-8E2B-1F15B764747E}"
EndProject
Project("{FAE04EC0-301F-11D3-BF4B-00C04F79EFBC}") = "GetCHM.Spider.UnitTest", "GetCHM.Spider.UnitTest\GetCHM.Spider.UnitTest.csproj", "{647F3FA6-1849-4A77-B387-649801EB7FE6}"
EndProject
Project("{2150E333-8FDC-42A3-9474-1A3956D46DE8}") = "Doc", "Doc", "{E9F72508-B722-4535-9786-FDD91161F60F}"
	ProjectSection(SolutionItems) = preProject
		Doc\contents.hhc = Doc\contents.hhc
		Doc\keys.hhk = Doc\keys.hhk
		Doc\project.hhp = Doc\project.hhp
		README.md = README.md
		Doc\使用hha.dll生成CHM.docx = Doc\使用hha.dll生成CHM.docx
		Doc\自己动手写网络爬虫.pdf = Doc\自己动手写网络爬虫.pdf
	EndProjectSection
EndProject
Project("{FAE04EC0-301F-11D3-BF4B-00C04F79EFBC}") = "GetCHM.GUI", "GetCHM.GUI\GetCHM.GUI.csproj", "{F27ABC35-C15C-42E4-BA88-4DA54713D6D4}"
EndProject
Global
	GlobalSection(SolutionConfigurationPlatforms) = preSolution
		Debug|Any CPU = Debug|Any CPU
		Release|Any CPU = Release|Any CPU
	EndGlobalSection
	GlobalSection(ProjectConfigurationPlatforms) = postSolution
		{837156D8-DF8F-4CFE-9E0F-BB830BF033C5}.Debug|Any CPU.ActiveCfg = Debug|Any CPU
		{837156D8-DF8F-4CFE-9E0F-BB830BF033C5}.Debug|Any CPU.Build.0 = Debug|Any CPU
		{837156D8-DF8F-4CFE-9E0F-BB830BF033C5}.Release|Any CPU.ActiveCfg = Release|Any CPU
		{837156D8-DF8F-4CFE-9E0F-BB830BF033C5}.Release|Any CPU.Build.0 = Release|Any CPU
		{04AFAF3B-7125-401F-AA64-A743E37F12D0}.Debug|Any CPU.ActiveCfg = Debug|Any CPU
		{04AFAF3B-7125-401F-AA64-A743E37F12D0}.Debug|Any CPU.Build.0 = Debug|Any CPU
		{04AFAF3B-7125-401F-AA64-A743E37F12D0}.Release|Any CPU.ActiveCfg = Release|Any CPU
		{04AFAF3B-7125-401F-AA64-A743E37F12D0}.Release|Any CPU.Build.0 = Release|Any CPU
		{F773814E-D39F-4EA7-B14C-A447D1DB1232}.Debug|Any CPU.ActiveCfg = Debug|Any CPU
		{F773814E-D39F-4EA7-B14C-A447D1DB1232}.Debug|Any CPU.Build.0 = Debug|Any CPU
		{F773814E-D39F-4EA7-B14C-A447D1DB1232}.Release|Any CPU.ActiveCfg = Release|Any CPU
		{F773814E-D39F-4EA7-B14C-A447D1DB1232}.Release|Any CPU.Build.0 = Release|Any CPU
		{C019DC63-40E6-4C6C-8030-5AC05336A67E}.Debug|Any CPU.ActiveCfg = Debug|Any CPU
		{C019DC63-40E6-4C6C-8030-5AC05336A67E}.Debug|Any CPU.Build.0 = Debug|Any CPU
		{C019DC63-40E6-4C6C-8030-5AC05336A67E}.Release|Any CPU.ActiveCfg = Release|Any CPU
		{C019DC63-40E6-4C6C-8030-5AC05336A67E}.Release|Any CPU.Build.0 = Release|Any CPU
		{74E2FDD3-89DC-4EBC-BE61-C631CBF49E37}.Debug|Any CPU.ActiveCfg = Debug|Any CPU
		{74E2FDD3-89DC-4EBC-BE61-C631CBF49E37}.Debug|Any CPU.Build.0 = Debug|Any CPU
		{74E2FDD3-89DC-4EBC-BE61-C631CBF49E37}.Release|Any CPU.ActiveCfg = Release|Any CPU
		{74E2FDD3-89DC-4EBC-BE61-C631CBF49E37}.Release|Any CPU.Build.0 = Release|Any CPU
		{647F3FA6-1849-4A77-B387-649801EB7FE6}.Debug|Any CPU.ActiveCfg = Debug|Any CPU
		{647F3FA6-1849-4A77-B387-649801EB7FE6}.Debug|Any CPU.Build.0 = Debug|Any CPU
		{647F3FA6-1849-4A77-B387-649801EB7FE6}.Release|Any CPU.ActiveCfg = Release|Any CPU
		{647F3FA6-1849-4A77-B387-649801EB7FE6}.Release|Any CPU.Build.0 = Release|Any CPU
		{F27ABC35-C15C-42E4-BA88-4DA54713D6D4}.Debug|Any CPU.ActiveCfg = Debug|Any CPU
		{F27ABC35-C15C-42E4-BA88-4DA54713D6D4}.Debug|Any CPU.Build.0 = Debug|Any CPU
		{F27ABC35-C15C-42E4-BA88-4DA54713D6D4}.Release|Any CPU.ActiveCfg = Release|Any CPU
		{F27ABC35-C15C-42E4-BA88-4DA54713D6D4}.Release|Any CPU.Build.0 = Release|Any CPU
	EndGlobalSection
	GlobalSection(SolutionProperties) = preSolution
		HideSolutionNode = FALSE
	EndGlobalSection
	GlobalSection(NestedProjects) = preSolution
		{04AFAF3B-7125-401F-AA64-A743E37F12D0} = {EE2ED749-D76E-4938-8E2B-1F15B764747E}
		{647F3FA6-1849-4A77-B387-649801EB7FE6} = {EE2ED749-D76E-4938-8E2B-1F15B764747E}
	EndGlobalSection
EndGlobal
